// !$*UTF8*$!
{
	archiveVersion = 1;
	classes = {
	};
	objectVersion = 77;
	objects = {

/* Begin PBXContainerItemProxy section */
		95805CDD2DDB070400FD252A /* PBXContainerItemProxy */ = {
			isa = PBXContainerItemProxy;
			containerPortal = 95805CC42DDB070200FD252A /* Project object */;
			proxyType = 1;
			remoteGlobalIDString = 95805CCB2DDB070200FD252A;
			remoteInfo = JigneshK_iOSTechTestLBG;
		};
		95805CE72DDB070400FD252A /* PBXContainerItemProxy */ = {
			isa = PBXContainerItemProxy;
			containerPortal = 95805CC42DDB070200FD252A /* Project object */;
			proxyType = 1;
			remoteGlobalIDString = 95805CCB2DDB070200FD252A;
			remoteInfo = JigneshK_iOSTechTestLBG;
		};
/* End PBXContainerItemProxy section */

/* Begin PBXFileReference section */
		95805CCC2DDB070200FD252A /* JigneshK_iOSTechTestLBG.app */ = {isa = PBXFileReference; explicitFileType = wrapper.application; includeInIndex = 0; path = JigneshK_iOSTechTestLBG.app; sourceTree = BUILT_PRODUCTS_DIR; };
		95805CDC2DDB070400FD252A /* JigneshK_iOSTechTestLBGTests.xctest */ = {isa = PBXFileReference; explicitFileType = wrapper.cfbundle; includeInIndex = 0; path = JigneshK_iOSTechTestLBGTests.xctest; sourceTree = BUILT_PRODUCTS_DIR; };
		95805CE62DDB070400FD252A /* JigneshK_iOSTechTestLBGUITests.xctest */ = {isa = PBXFileReference; explicitFileType = wrapper.cfbundle; includeInIndex = 0; path = JigneshK_iOSTechTestLBGUITests.xctest; sourceTree = BUILT_PRODUCTS_DIR; };
/* End PBXFileReference section */

/* Begin PBXFileSystemSynchronizedRootGroup section */
		95805CCE2DDB070200FD252A /* JigneshK_iOSTechTestLBG */ = {
			isa = PBXFileSystemSynchronizedRootGroup;
			path = JigneshK_iOSTechTestLBG;
			sourceTree = "<group>";
		};
		95805CDF2DDB070400FD252A /* JigneshK_iOSTechTestLBGTests */ = {
			isa = PBXFileSystemSynchronizedRootGroup;
			path = JigneshK_iOSTechTestLBGTests;
			sourceTree = "<group>";
		};
		95805CE92DDB070400FD252A /* JigneshK_iOSTechTestLBGUITests */ = {
			isa = PBXFileSystemSynchronizedRootGroup;
			path = JigneshK_iOSTechTestLBGUITests;
			sourceTree = "<group>";
		};
/* End PBXFileSystemSynchronizedRootGroup section */

/* Begin PBXFrameworksBuildPhase section */
		95805CC92DDB070200FD252A /* Frameworks */ = {
			isa = PBXFrameworksBuildPhase;
			buildActionMask = 2147483647;
			files = (
			);
			runOnlyForDeploymentPostprocessing = 0;
		};
		95805CD92DDB070400FD252A /* Frameworks */ = {
			isa = PBXFrameworksBuildPhase;
			buildActionMask = 2147483647;
			files = (
			);
			runOnlyForDeploymentPostprocessing = 0;
		};
		95805CE32DDB070400FD252A /* Frameworks */ = {
			isa = PBXFrameworksBuildPhase;
			buildActionMask = 2147483647;
			files = (
			);
			runOnlyForDeploymentPostprocessing = 0;
		};
/* End PBXFrameworksBuildPhase section */

/* Begin PBXGroup section */
		95805CC32DDB070200FD252A = {
			isa = PBXGroup;
			children = (
				95805CCE2DDB070200FD252A /* JigneshK_iOSTechTestLBG */,
				95805CDF2DDB070400FD252A /* JigneshK_iOSTechTestLBGTests */,
				95805CE92DDB070400FD252A /* JigneshK_iOSTechTestLBGUITests */,
				95805CCD2DDB070200FD252A /* Products */,
			);
			sourceTree = "<group>";
		};
		95805CCD2DDB070200FD252A /* Products */ = {
			isa = PBXGroup;
			children = (
				95805CCC2DDB070200FD252A /* JigneshK_iOSTechTestLBG.app */,
				95805CDC2DDB070400FD252A /* JigneshK_iOSTechTestLBGTests.xctest */,
				95805CE62DDB070400FD252A /* JigneshK_iOSTechTestLBGUITests.xctest */,
			);
			name = Products;
			sourceTree = "<group>";
		};
/* End PBXGroup section */

/* Begin PBXNativeTarget section */
		95805CCB2DDB070200FD252A /* JigneshK_iOSTechTestLBG */ = {
			isa = PBXNativeTarget;
			buildConfigurationList = 95805CF02DDB070400FD252A /* Build configuration list for PBXNativeTarget "JigneshK_iOSTechTestLBG" */;
			buildPhases = (
				95805CC82DDB070200FD252A /* Sources */,
				95805CC92DDB070200FD252A /* Frameworks */,
				95805CCA2DDB070200FD252A /* Resources */,
			);
			buildRules = (
			);
			dependencies = (
			);
			fileSystemSynchronizedGroups = (
				95805CCE2DDB070200FD252A /* JigneshK_iOSTechTestLBG */,
			);
			name = JigneshK_iOSTechTestLBG;
			packageProductDependencies = (
			);
			productName = JigneshK_iOSTechTestLBG;
			productReference = 95805CCC2DDB070200FD252A /* JigneshK_iOSTechTestLBG.app */;
			productType = "com.apple.product-type.application";
		};
		95805CDB2DDB070400FD252A /* JigneshK_iOSTechTestLBGTests */ = {
			isa = PBXNativeTarget;
			buildConfigurationList = 95805CF32DDB070400FD252A /* Build configuration list for PBXNativeTarget "JigneshK_iOSTechTestLBGTests" */;
			buildPhases = (
				95805CD82DDB070400FD252A /* Sources */,
				95805CD92DDB070400FD252A /* Frameworks */,
				95805CDA2DDB070400FD252A /* Resources */,
			);
			buildRules = (
			);
			dependencies = (
				95805CDE2DDB070400FD252A /* PBXTargetDependency */,
			);
			fileSystemSynchronizedGroups = (
				95805CDF2DDB070400FD252A /* JigneshK_iOSTechTestLBGTests */,
			);
			name = JigneshK_iOSTechTestLBGTests;
			packageProductDependencies = (
			);
			productName = JigneshK_iOSTechTestLBGTests;
			productReference = 95805CDC2DDB070400FD252A /* JigneshK_iOSTechTestLBGTests.xctest */;
			productType = "com.apple.product-type.bundle.unit-test";
		};
		95805CE52DDB070400FD252A /* JigneshK_iOSTechTestLBGUITests */ = {
			isa = PBXNativeTarget;
			buildConfigurationList = 95805CF62DDB070400FD252A /* Build configuration list for PBXNativeTarget "JigneshK_iOSTechTestLBGUITests" */;
			buildPhases = (
				95805CE22DDB070400FD252A /* Sources */,
				95805CE32DDB070400FD252A /* Frameworks */,
				95805CE42DDB070400FD252A /* Resources */,
			);
			buildRules = (
			);
			dependencies = (
				95805CE82DDB070400FD252A /* PBXTargetDependency */,
			);
			fileSystemSynchronizedGroups = (
				95805CE92DDB070400FD252A /* JigneshK_iOSTechTestLBGUITests */,
			);
			name = JigneshK_iOSTechTestLBGUITests;
			packageProductDependencies = (
			);
			productName = JigneshK_iOSTechTestLBGUITests;
			productReference = 95805CE62DDB070400FD252A /* JigneshK_iOSTechTestLBGUITests.xctest */;
			productType = "com.apple.product-type.bundle.ui-testing";
		};
/* End PBXNativeTarget section */

/* Begin PBXProject section */
		95805CC42DDB070200FD252A /* Project object */ = {
			isa = PBXProject;
			attributes = {
				BuildIndependentTargetsInParallel = 1;
				LastSwiftUpdateCheck = 1620;
				LastUpgradeCheck = 1620;
				TargetAttributes = {
					95805CCB2DDB070200FD252A = {
						CreatedOnToolsVersion = 16.2;
					};
					95805CDB2DDB070400FD252A = {
						CreatedOnToolsVersion = 16.2;
						TestTargetID = 95805CCB2DDB070200FD252A;
					};
					95805CE52DDB070400FD252A = {
						CreatedOnToolsVersion = 16.2;
						TestTargetID = 95805CCB2DDB070200FD252A;
					};
				};
			};
			buildConfigurationList = 95805CC72DDB070200FD252A /* Build configuration list for PBXProject "JigneshK_iOSTechTestLBG" */;
			developmentRegion = en;
			hasScannedForEncodings = 0;
			knownRegions = (
				en,
				Base,
			);
			mainGroup = 95805CC32DDB070200FD252A;
			minimizedProjectReferenceProxies = 1;
			preferredProjectObjectVersion = 77;
			productRefGroup = 95805CCD2DDB070200FD252A /* Products */;
			projectDirPath = "";
			projectRoot = "";
			targets = (
				95805CCB2DDB070200FD252A /* JigneshK_iOSTechTestLBG */,
				95805CDB2DDB070400FD252A /* JigneshK_iOSTechTestLBGTests */,
				95805CE52DDB070400FD252A /* JigneshK_iOSTechTestLBGUITests */,
			);
		};
/* End PBXProject section */

/* Begin PBXResourcesBuildPhase section */
		95805CCA2DDB070200FD252A /* Resources */ = {
			isa = PBXResourcesBuildPhase;
			buildActionMask = 2147483647;
			files = (
			);
			runOnlyForDeploymentPostprocessing = 0;
		};
		95805CDA2DDB070400FD252A /* Resources */ = {
			isa = PBXResourcesBuildPhase;
			buildActionMask = 2147483647;
			files = (
			);
			runOnlyForDeploymentPostprocessing = 0;
		};
		95805CE42DDB070400FD252A /* Resources */ = {
			isa = PBXResourcesBuildPhase;
			buildActionMask = 2147483647;
			files = (
			);
			runOnlyForDeploymentPostprocessing = 0;
		};
/* End PBXResourcesBuildPhase section */

/* Begin PBXSourcesBuildPhase section */
		95805CC82DDB070200FD252A /* Sources */ = {
			isa = PBXSourcesBuildPhase;
			buildActionMask = 2147483647;
			files = (
			);
			runOnlyForDeploymentPostprocessing = 0;
		};
		95805CD82DDB070400FD252A /* Sources */ = {
			isa = PBXSourcesBuildPhase;
			buildActionMask = 2147483647;
			files = (
			);
			runOnlyForDeploymentPostprocessing = 0;
		};
		95805CE22DDB070400FD252A /* Sources */ = {
			isa = PBXSourcesBuildPhase;
			buildActionMask = 2147483647;
			files = (
			);
			runOnlyForDeploymentPostprocessing = 0;
		};
/* End PBXSourcesBuildPhase section */

/* Begin PBXTargetDependency section */
		95805CDE2DDB070400FD252A /* PBXTargetDependency */ = {
			isa = PBXTargetDependency;
			target = 95805CCB2DDB070200FD252A /* JigneshK_iOSTechTestLBG */;
			targetProxy = 95805CDD2DDB070400FD252A /* PBXContainerItemProxy */;
		};
		95805CE82DDB070400FD252A /* PBXTargetDependency */ = {
			isa = PBXTargetDependency;
			target = 95805CCB2DDB070200FD252A /* JigneshK_iOSTechTestLBG */;
			targetProxy = 95805CE72DDB070400FD252A /* PBXContainerItemProxy */;
		};
/* End PBXTargetDependency section */

/* Begin XCBuildConfiguration section */
		95805CEE2DDB070400FD252A /* Debug */ = {
			isa = XCBuildConfiguration;
			buildSettings = {
				ALWAYS_SEARCH_USER_PATHS = NO;
				ASSETCATALOG_COMPILER_GENERATE_SWIFT_ASSET_SYMBOL_EXTENSIONS = YES;
				CLANG_ANALYZER_NONNULL = YES;
				CLANG_ANALYZER_NUMBER_OBJECT_CONVERSION = YES_AGGRESSIVE;
				CLANG_CXX_LANGUAGE_STANDARD = "gnu++20";
				CLANG_ENABLE_MODULES = YES;
				CLANG_ENABLE_OBJC_ARC = YES;
				CLANG_ENABLE_OBJC_WEAK = YES;
				CLANG_WARN_BLOCK_CAPTURE_AUTORELEASING = YES;
				CLANG_WARN_BOOL_CONVERSION = YES;
				CLANG_WARN_COMMA = YES;
				CLANG_WARN_CONSTANT_CONVERSION = YES;
				CLANG_WARN_DEPRECATED_OBJC_IMPLEMENTATIONS = YES;
				CLANG_WARN_DIRECT_OBJC_ISA_USAGE = YES_ERROR;
				CLANG_WARN_DOCUMENTATION_COMMENTS = YES;
				CLANG_WARN_EMPTY_BODY = YES;
				CLANG_WARN_ENUM_CONVERSION = YES;
				CLANG_WARN_INFINITE_RECURSION = YES;
				CLANG_WARN_INT_CONVERSION = YES;
				CLANG_WARN_NON_LITERAL_NULL_CONVERSION = YES;
				CLANG_WARN_OBJC_IMPLICIT_RETAIN_SELF = YES;
				CLANG_WARN_OBJC_LITERAL_CONVERSION = YES;
				CLANG_WARN_OBJC_ROOT_CLASS = YES_ERROR;
				CLANG_WARN_QUOTED_INCLUDE_IN_FRAMEWORK_HEADER = YES;
				CLANG_WARN_RANGE_LOOP_ANALYSIS = YES;
				CLANG_WARN_STRICT_PROTOTYPES = YES;
				CLANG_WARN_SUSPICIOUS_MOVE = YES;
				CLANG_WARN_UNGUARDED_AVAILABILITY = YES_AGGRESSIVE;
				CLANG_WARN_UNREACHABLE_CODE = YES;
				CLANG_WARN__DUPLICATE_METHOD_MATCH = YES;
				COPY_PHASE_STRIP = NO;
				DEBUG_INFORMATION_FORMAT = dwarf;
				ENABLE_STRICT_OBJC_MSGSEND = YES;
				ENABLE_TESTABILITY = YES;
				ENABLE_USER_SCRIPT_SANDBOXING = YES;
				GCC_C_LANGUAGE_STANDARD = gnu17;
				GCC_DYNAMIC_NO_PIC = NO;
				GCC_NO_COMMON_BLOCKS = YES;
				GCC_OPTIMIZATION_LEVEL = 0;
				GCC_PREPROCESSOR_DEFINITIONS = (
					"DEBUG=1",
					"$(inherited)",
				);
				GCC_WARN_64_TO_32_BIT_CONVERSION = YES;
				GCC_WARN_ABOUT_RETURN_TYPE = YES_ERROR;
				GCC_WARN_UNDECLARED_SELECTOR = YES;
				GCC_WARN_UNINITIALIZED_AUTOS = YES_AGGRESSIVE;
				GCC_WARN_UNUSED_FUNCTION = YES;
				GCC_WARN_UNUSED_VARIABLE = YES;
				IPHONEOS_DEPLOYMENT_TARGET = 18.2;
				LOCALIZATION_PREFERS_STRING_CATALOGS = YES;
				MTL_ENABLE_DEBUG_INFO = INCLUDE_SOURCE;
				MTL_FAST_MATH = YES;
				ONLY_ACTIVE_ARCH = YES;
				SDKROOT = iphoneos;
				SWIFT_ACTIVE_COMPILATION_CONDITIONS = "DEBUG $(inherited)";
				SWIFT_OPTIMIZATION_LEVEL = "-Onone";
			};
			name = Debug;
		};
		95805CEF2DDB070400FD252A /* Release */ = {
			isa = XCBuildConfiguration;
			buildSettings = {
				ALWAYS_SEARCH_USER_PATHS = NO;
				ASSETCATALOG_COMPILER_GENERATE_SWIFT_ASSET_SYMBOL_EXTENSIONS = YES;
				CLANG_ANALYZER_NONNULL = YES;
				CLANG_ANALYZER_NUMBER_OBJECT_CONVERSION = YES_AGGRESSIVE;
				CLANG_CXX_LANGUAGE_STANDARD = "gnu++20";
				CLANG_ENABLE_MODULES = YES;
				CLANG_ENABLE_OBJC_ARC = YES;
				CLANG_ENABLE_OBJC_WEAK = YES;
				CLANG_WARN_BLOCK_CAPTURE_AUTORELEASING = YES;
				CLANG_WARN_BOOL_CONVERSION = YES;
				CLANG_WARN_COMMA = YES;
				CLANG_WARN_CONSTANT_CONVERSION = YES;
				CLANG_WARN_DEPRECATED_OBJC_IMPLEMENTATIONS = YES;
				CLANG_WARN_DIRECT_OBJC_ISA_USAGE = YES_ERROR;
				CLANG_WARN_DOCUMENTATION_COMMENTS = YES;
				CLANG_WARN_EMPTY_BODY = YES;
				CLANG_WARN_ENUM_CONVERSION = YES;
				CLANG_WARN_INFINITE_RECURSION = YES;
				CLANG_WARN_INT_CONVERSION = YES;
				CLANG_WARN_NON_LITERAL_NULL_CONVERSION = YES;
				CLANG_WARN_OBJC_IMPLICIT_RETAIN_SELF = YES;
				CLANG_WARN_OBJC_LITERAL_CONVERSION = YES;
				CLANG_WARN_OBJC_ROOT_CLASS = YES_ERROR;
				CLANG_WARN_QUOTED_INCLUDE_IN_FRAMEWORK_HEADER = YES;
				CLANG_WARN_RANGE_LOOP_ANALYSIS = YES;
				CLANG_WARN_STRICT_PROTOTYPES = YES;
				CLANG_WARN_SUSPICIOUS_MOVE = YES;
				CLANG_WARN_UNGUARDED_AVAILABILITY = YES_AGGRESSIVE;
				CLANG_WARN_UNREACHABLE_CODE = YES;
				CLANG_WARN__DUPLICATE_METHOD_MATCH = YES;
				COPY_PHASE_STRIP = NO;
				DEBUG_INFORMATION_FORMAT = "dwarf-with-dsym";
				ENABLE_NS_ASSERTIONS = NO;
				ENABLE_STRICT_OBJC_MSGSEND = YES;
				ENABLE_USER_SCRIPT_SANDBOXING = YES;
				GCC_C_LANGUAGE_STANDARD = gnu17;
				GCC_NO_COMMON_BLOCKS = YES;
				GCC_WARN_64_TO_32_BIT_CONVERSION = YES;
				GCC_WARN_ABOUT_RETURN_TYPE = YES_ERROR;
				GCC_WARN_UNDECLARED_SELECTOR = YES;
				GCC_WARN_UNINITIALIZED_AUTOS = YES_AGGRESSIVE;
				GCC_WARN_UNUSED_FUNCTION = YES;
				GCC_WARN_UNUSED_VARIABLE = YES;
				IPHONEOS_DEPLOYMENT_TARGET = 18.2;
				LOCALIZATION_PREFERS_STRING_CATALOGS = YES;
				MTL_ENABLE_DEBUG_INFO = NO;
				MTL_FAST_MATH = YES;
				SDKROOT = iphoneos;
				SWIFT_COMPILATION_MODE = wholemodule;
				VALIDATE_PRODUCT = YES;
			};
			name = Release;
		};
		95805CF12DDB070400FD252A /* Debug */ = {
			isa = XCBuildConfiguration;
			buildSettings = {
				ASSETCATALOG_COMPILER_APPICON_NAME = AppIcon;
				ASSETCATALOG_COMPILER_GLOBAL_ACCENT_COLOR_NAME = AccentColor;
				CODE_SIGN_STYLE = Automatic;
				CURRENT_PROJECT_VERSION = 1;
				DEVELOPMENT_ASSET_PATHS = "\"JigneshK_iOSTechTestLBG/Preview Content\"";
				ENABLE_PREVIEWS = YES;
				GENERATE_INFOPLIST_FILE = YES;
				INFOPLIST_KEY_UIApplicationSceneManifest_Generation = YES;
				INFOPLIST_KEY_UIApplicationSupportsIndirectInputEvents = YES;
				INFOPLIST_KEY_UILaunchScreen_Generation = YES;
				INFOPLIST_KEY_UISupportedInterfaceOrientations_iPad = "UIInterfaceOrientationPortrait UIInterfaceOrientationPortraitUpsideDown UIInterfaceOrientationLandscapeLeft UIInterfaceOrientationLandscapeRight";
				INFOPLIST_KEY_UISupportedInterfaceOrientations_iPhone = "UIInterfaceOrientationPortrait UIInterfaceOrientationLandscapeLeft UIInterfaceOrientationLandscapeRight";
				LD_RUNPATH_SEARCH_PATHS = (
					"$(inherited)",
					"@executable_path/Frameworks",
				);
				MARKETING_VERSION = 1.0;
				PRODUCT_BUNDLE_IDENTIFIER = "com.league.thelegue.JigneshK-iOSTechTestLBG";
				PRODUCT_NAME = "$(TARGET_NAME)";
				SWIFT_EMIT_LOC_STRINGS = YES;
				SWIFT_VERSION = 5.0;
				TARGETED_DEVICE_FAMILY = "1,2";
			};
			name = Debug;
		};
		95805CF22DDB070400FD252A /* Release */ = {
			isa = XCBuildConfiguration;
			buildSettings = {
				ASSETCATALOG_COMPILER_APPICON_NAME = AppIcon;
				ASSETCATALOG_COMPILER_GLOBAL_ACCENT_COLOR_NAME = AccentColor;
				CODE_SIGN_STYLE = Automatic;
				CURRENT_PROJECT_VERSION = 1;
				DEVELOPMENT_ASSET_PATHS = "\"JigneshK_iOSTechTestLBG/Preview Content\"";
				ENABLE_PREVIEWS = YES;
				GENERATE_INFOPLIST_FILE = YES;
				INFOPLIST_KEY_UIApplicationSceneManifest_Generation = YES;
				INFOPLIST_KEY_UIApplicationSupportsIndirectInputEvents = YES;
				INFOPLIST_KEY_UILaunchScreen_Generation = YES;
				INFOPLIST_KEY_UISupportedInterfaceOrientations_iPad = "UIInterfaceOrientationPortrait UIInterfaceOrientationPortraitUpsideDown UIInterfaceOrientationLandscapeLeft UIInterfaceOrientationLandscapeRight";
				INFOPLIST_KEY_UISupportedInterfaceOrientations_iPhone = "UIInterfaceOrientationPortrait UIInterfaceOrientationLandscapeLeft UIInterfaceOrientationLandscapeRight";
				LD_RUNPATH_SEARCH_PATHS = (
					"$(inherited)",
					"@executable_path/Frameworks",
				);
				MARKETING_VERSION = 1.0;
				PRODUCT_BUNDLE_IDENTIFIER = "com.league.thelegue.JigneshK-iOSTechTestLBG";
				PRODUCT_NAME = "$(TARGET_NAME)";
				SWIFT_EMIT_LOC_STRINGS = YES;
				SWIFT_VERSION = 5.0;
				TARGETED_DEVICE_FAMILY = "1,2";
			};
			name = Release;
		};
		95805CF42DDB070400FD252A /* Debug */ = {
			isa = XCBuildConfiguration;
			buildSettings = {
				BUNDLE_LOADER = "$(TEST_HOST)";
				CODE_SIGN_STYLE = Automatic;
				CURRENT_PROJECT_VERSION = 1;
				GENERATE_INFOPLIST_FILE = YES;
				IPHONEOS_DEPLOYMENT_TARGET = 18.2;
				MARKETING_VERSION = 1.0;
				PRODUCT_BUNDLE_IDENTIFIER = "com.league.thelegue.JigneshK-iOSTechTestLBGTests";
				PRODUCT_NAME = "$(TARGET_NAME)";
				SWIFT_EMIT_LOC_STRINGS = NO;
				SWIFT_VERSION = 5.0;
				TARGETED_DEVICE_FAMILY = "1,2";
				TEST_HOST = "$(BUILT_PRODUCTS_DIR)/JigneshK_iOSTechTestLBG.app/$(BUNDLE_EXECUTABLE_FOLDER_PATH)/JigneshK_iOSTechTestLBG";
			};
			name = Debug;
		};
		95805CF52DDB070400FD252A /* Release */ = {
			isa = XCBuildConfiguration;
			buildSettings = {
				BUNDLE_LOADER = "$(TEST_HOST)";
				CODE_SIGN_STYLE = Automatic;
				CURRENT_PROJECT_VERSION = 1;
				GENERATE_INFOPLIST_FILE = YES;
				IPHONEOS_DEPLOYMENT_TARGET = 18.2;
				MARKETING_VERSION = 1.0;
				PRODUCT_BUNDLE_IDENTIFIER = "com.league.thelegue.JigneshK-iOSTechTestLBGTests";
				PRODUCT_NAME = "$(TARGET_NAME)";
				SWIFT_EMIT_LOC_STRINGS = NO;
				SWIFT_VERSION = 5.0;
				TARGETED_DEVICE_FAMILY = "1,2";
				TEST_HOST = "$(BUILT_PRODUCTS_DIR)/JigneshK_iOSTechTestLBG.app/$(BUNDLE_EXECUTABLE_FOLDER_PATH)/JigneshK_iOSTechTestLBG";
			};
			name = Release;
		};
		95805CF72DDB070400FD252A /* Debug */ = {
			isa = XCBuildConfiguration;
			buildSettings = {
				CODE_SIGN_STYLE = Automatic;
				CURRENT_PROJECT_VERSION = 1;
				GENERATE_INFOPLIST_FILE = YES;
				MARKETING_VERSION = 1.0;
				PRODUCT_BUNDLE_IDENTIFIER = "com.league.thelegue.JigneshK-iOSTechTestLBGUITests";
				PRODUCT_NAME = "$(TARGET_NAME)";
				SWIFT_EMIT_LOC_STRINGS = NO;
				SWIFT_VERSION = 5.0;
				TARGETED_DEVICE_FAMILY = "1,2";
				TEST_TARGET_NAME = JigneshK_iOSTechTestLBG;
			};
			name = Debug;
		};
		95805CF82DDB070400FD252A /* Release */ = {
			isa = XCBuildConfiguration;
			buildSettings = {
				CODE_SIGN_STYLE = Automatic;
				CURRENT_PROJECT_VERSION = 1;
				GENERATE_INFOPLIST_FILE = YES;
				MARKETING_VERSION = 1.0;
				PRODUCT_BUNDLE_IDENTIFIER = "com.league.thelegue.JigneshK-iOSTechTestLBGUITests";
				PRODUCT_NAME = "$(TARGET_NAME)";
				SWIFT_EMIT_LOC_STRINGS = NO;
				SWIFT_VERSION = 5.0;
				TARGETED_DEVICE_FAMILY = "1,2";
				TEST_TARGET_NAME = JigneshK_iOSTechTestLBG;
			};
			name = Release;
		};
/* End XCBuildConfiguration section */

/* Begin XCConfigurationList section */
		95805CC72DDB070200FD252A /* Build configuration list for PBXProject "JigneshK_iOSTechTestLBG" */ = {
			isa = XCConfigurationList;
			buildConfigurations = (
				95805CEE2DDB070400FD252A /* Debug */,
				95805CEF2DDB070400FD252A /* Release */,
			);
			defaultConfigurationIsVisible = 0;
			defaultConfigurationName = Release;
		};
		95805CF02DDB070400FD252A /* Build configuration list for PBXNativeTarget "JigneshK_iOSTechTestLBG" */ = {
			isa = XCConfigurationList;
			buildConfigurations = (
				95805CF12DDB070400FD252A /* Debug */,
				95805CF22DDB070400FD252A /* Release */,
			);
			defaultConfigurationIsVisible = 0;
			defaultConfigurationName = Release;
		};
		95805CF32DDB070400FD252A /* Build configuration list for PBXNativeTarget "JigneshK_iOSTechTestLBGTests" */ = {
			isa = XCConfigurationList;
			buildConfigurations = (
				95805CF42DDB070400FD252A /* Debug */,
				95805CF52DDB070400FD252A /* Release */,
			);
			defaultConfigurationIsVisible = 0;
			defaultConfigurationName = Release;
		};
		95805CF62DDB070400FD252A /* Build configuration list for PBXNativeTarget "JigneshK_iOSTechTestLBGUITests" */ = {
			isa = XCConfigurationList;
			buildConfigurations = (
				95805CF72DDB070400FD252A /* Debug */,
				95805CF82DDB070400FD252A /* Release */,
			);
			defaultConfigurationIsVisible = 0;
			defaultConfigurationName = Release;
		};
/* End XCConfigurationList section */
	};
	rootObject = 95805CC42DDB070200FD252A /* Project object */;
}
